
Microsoft Visual Studio Solution File, Format Version 12.00
# Visual Studio Version 16
VisualStudioVersion = 16.0.29306.81
MinimumVisualStudioVersion = 10.0.40219.1
Project("{FAE04EC0-301F-11D3-BF4B-00C04F79EFBC}") = "hahayshakswebapp", "hahayshakswebapp.csproj", "{14E33E69-5965-4304-83B6-1481B0B59BA9}"
EndProject
Global
	GlobalSection(SolutionConfigurationPlatforms) = preSolution
		Debug|Any CPU = Debug|Any CPU
		Release|Any CPU = Release|Any CPU
	EndGlobalSection
	GlobalSection(ProjectConfigurationPlatforms) = postSolution
		{14E33E69-5965-4304-83B6-1481B0B59BA9}.Debug|Any CPU.ActiveCfg = Debug|Any CPU
		{14E33E69-5965-4304-83B6-1481B0B59BA9}.Debug|Any CPU.Build.0 = Debug|Any CPU
		{14E33E69-5965-4304-83B6-1481B0B59BA9}.Release|Any CPU.ActiveCfg = Release|Any CPU
		{14E33E69-5965-4304-83B6-1481B0B59BA9}.Release|Any CPU.Build.0 = Release|Any CPU
	EndGlobalSection
	GlobalSection(SolutionProperties) = preSolution
		HideSolutionNode = FALSE
	EndGlobalSection
	GlobalSection(ExtensibilityGlobals) = postSolution
		SolutionGuid = {6E0CB817-1FD7-4BE6-8D22-E09AE219035B}
	EndGlobalSection
EndGlobal
